
Microsoft Visual Studio Solution File, Format Version 12.00
# Visual Studio 15
Project("{FAE04EC0-301F-11D3-BF4B-00C04F79EFBC}") = "servertech", "servertech\servertech.csproj", "{392315DF-9EEE-4D62-B329-ABAD8FE3D515}"
EndProject
Global
	GlobalSection(SolutionConfigurationPlatforms) = preSolution
		Debug|Any CPU = Debug|Any CPU
		Release|Any CPU = Release|Any CPU
	EndGlobalSection
	GlobalSection(ProjectConfigurationPlatforms) = postSolution
		{392315DF-9EEE-4D62-B329-ABAD8FE3D515}.Debug|Any CPU.ActiveCfg = Debug|Any CPU
		{392315DF-9EEE-4D62-B329-ABAD8FE3D515}.Debug|Any CPU.Build.0 = Debug|Any CPU
		{392315DF-9EEE-4D62-B329-ABAD8FE3D515}.Release|Any CPU.ActiveCfg = Release|Any CPU
		{392315DF-9EEE-4D62-B329-ABAD8FE3D515}.Release|Any CPU.Build.0 = Release|Any CPU
	EndGlobalSection
EndGlobal
